
Microsoft Visual Studio Solution File, Format Version 12.00
# Visual Studio 14
VisualStudioVersion = 14.0.23107.0
MinimumVisualStudioVersion = 10.0.40219.1
Project("{FAE04EC0-301F-11D3-BF4B-00C04F79EFBC}") = "HotPlate.Core", "HotPlate.Core\HotPlate.Core.csproj", "{1CA6FA4B-C9CB-48AC-96D1-346B7B8944D9}"
EndProject
Project("{FAE04EC0-301F-11D3-BF4B-00C04F79EFBC}") = "HotPlate.Core.Tests", "HotPlate.Core.Tests\HotPlate.Core.Tests.csproj", "{CB14FC50-F3F6-45B3-A734-46577A2008FC}"
EndProject
Project("{2150E333-8FDC-42A3-9474-1A3956D46DE8}") = "Solution Items", "Solution Items", "{80A0C2F0-7ED4-441C-95BD-83E4CA4D19F4}"
	ProjectSection(SolutionItems) = preProject
		LICENSE = LICENSE
		README.md = README.md
	EndProjectSection
EndProject
Project("{FAE04EC0-301F-11D3-BF4B-00C04F79EFBC}") = "HotPlate.Console", "HotPlate.Console\HotPlate.Console.csproj", "{88FB95BA-B20F-4D11-BF99-31DFF94B5DA9}"
EndProject
Project("{FAE04EC0-301F-11D3-BF4B-00C04F79EFBC}") = "HotPlate.WinForms", "HotPlate.WinForms\HotPlate.WinForms.csproj", "{AC4A610B-E222-4659-B376-C3197564C3E6}"
EndProject
Global
	GlobalSection(SolutionConfigurationPlatforms) = preSolution
		Debug|Any CPU = Debug|Any CPU
		Release|Any CPU = Release|Any CPU
	EndGlobalSection
	GlobalSection(ProjectConfigurationPlatforms) = postSolution
		{1CA6FA4B-C9CB-48AC-96D1-346B7B8944D9}.Debug|Any CPU.ActiveCfg = Debug|Any CPU
		{1CA6FA4B-C9CB-48AC-96D1-346B7B8944D9}.Debug|Any CPU.Build.0 = Debug|Any CPU
		{1CA6FA4B-C9CB-48AC-96D1-346B7B8944D9}.Release|Any CPU.ActiveCfg = Release|Any CPU
		{1CA6FA4B-C9CB-48AC-96D1-346B7B8944D9}.Release|Any CPU.Build.0 = Release|Any CPU
		{CB14FC50-F3F6-45B3-A734-46577A2008FC}.Debug|Any CPU.ActiveCfg = Debug|Any CPU
		{CB14FC50-F3F6-45B3-A734-46577A2008FC}.Debug|Any CPU.Build.0 = Debug|Any CPU
		{CB14FC50-F3F6-45B3-A734-46577A2008FC}.Release|Any CPU.ActiveCfg = Release|Any CPU
		{CB14FC50-F3F6-45B3-A734-46577A2008FC}.Release|Any CPU.Build.0 = Release|Any CPU
		{88FB95BA-B20F-4D11-BF99-31DFF94B5DA9}.Debug|Any CPU.ActiveCfg = Debug|Any CPU
		{88FB95BA-B20F-4D11-BF99-31DFF94B5DA9}.Debug|Any CPU.Build.0 = Debug|Any CPU
		{88FB95BA-B20F-4D11-BF99-31DFF94B5DA9}.Release|Any CPU.ActiveCfg = Release|Any CPU
		{88FB95BA-B20F-4D11-BF99-31DFF94B5DA9}.Release|Any CPU.Build.0 = Release|Any CPU
		{AC4A610B-E222-4659-B376-C3197564C3E6}.Debug|Any CPU.ActiveCfg = Debug|Any CPU
		{AC4A610B-E222-4659-B376-C3197564C3E6}.Debug|Any CPU.Build.0 = Debug|Any CPU
		{AC4A610B-E222-4659-B376-C3197564C3E6}.Release|Any CPU.ActiveCfg = Release|Any CPU
		{AC4A610B-E222-4659-B376-C3197564C3E6}.Release|Any CPU.Build.0 = Release|Any CPU
	EndGlobalSection
	GlobalSection(SolutionProperties) = preSolution
		HideSolutionNode = FALSE
	EndGlobalSection
EndGlobal
